
Microsoft Visual Studio Solution File, Format Version 12.00
# Visual Studio Version 16
VisualStudioVersion = 16.0.31424.327
MinimumVisualStudioVersion = 10.0.40219.1
Project("{FAE04EC0-301F-11D3-BF4B-00C04F79EFBC}") = "montpetit", "montpetit\montpetit.csproj", "{7CCE744D-AC66-4604-B5CE-21CB9BF6B82F}"
EndProject
Global
	GlobalSection(SolutionConfigurationPlatforms) = preSolution
		Debug|Any CPU = Debug|Any CPU
		Release|Any CPU = Release|Any CPU
	EndGlobalSection
	GlobalSection(ProjectConfigurationPlatforms) = postSolution
		{7CCE744D-AC66-4604-B5CE-21CB9BF6B82F}.Debug|Any CPU.ActiveCfg = Debug|Any CPU
		{7CCE744D-AC66-4604-B5CE-21CB9BF6B82F}.Debug|Any CPU.Build.0 = Debug|Any CPU
		{7CCE744D-AC66-4604-B5CE-21CB9BF6B82F}.Release|Any CPU.ActiveCfg = Release|Any CPU
		{7CCE744D-AC66-4604-B5CE-21CB9BF6B82F}.Release|Any CPU.Build.0 = Release|Any CPU
	EndGlobalSection
	GlobalSection(SolutionProperties) = preSolution
		HideSolutionNode = FALSE
	EndGlobalSection
	GlobalSection(ExtensibilityGlobals) = postSolution
		SolutionGuid = {6D577FBB-D63D-42C5-8FAC-91ACF96FAB2C}
	EndGlobalSection
EndGlobal
